// !$*UTF8*$!
{
	archiveVersion = 1;
	classes = {
	};
	objectVersion = 52;
	objects = {

/* Begin PBXBuildFile section */
		EEA3BC53246B3AEF00ED9291 /* AppDelegate.swift in Sources */ = {isa = PBXBuildFile; fileRef = EEA3BC52246B3AEF00ED9291 /* AppDelegate.swift */; };
		EEA3BC55246B3AEF00ED9291 /* SceneDelegate.swift in Sources */ = {isa = PBXBuildFile; fileRef = EEA3BC54246B3AEF00ED9291 /* SceneDelegate.swift */; };
		EEA3BC57246B3AEF00ED9291 /* ContentView.swift in Sources */ = {isa = PBXBuildFile; fileRef = EEA3BC56246B3AEF00ED9291 /* ContentView.swift */; };
		EEA3BC59246B3AEF00ED9291 /* Assets.xcassets in Resources */ = {isa = PBXBuildFile; fileRef = EEA3BC58246B3AEF00ED9291 /* Assets.xcassets */; };
		EEA3BC5C246B3AEF00ED9291 /* Preview Assets.xcassets in Resources */ = {isa = PBXBuildFile; fileRef = EEA3BC5B246B3AEF00ED9291 /* Preview Assets.xcassets */; };
		EEA3BC5F246B3AEF00ED9291 /* LaunchScreen.storyboard in Resources */ = {isa = PBXBuildFile; fileRef = EEA3BC5D246B3AEF00ED9291 /* LaunchScreen.storyboard */; };
		EEA3BC6A246B3AF000ED9291 /* RWReviewTests.swift in Sources */ = {isa = PBXBuildFile; fileRef = EEA3BC69246B3AF000ED9291 /* RWReviewTests.swift */; };
		EEA3BC77246B3B8700ED9291 /* EmployeesView.swift in Sources */ = {isa = PBXBuildFile; fileRef = EEA3BC76246B3B8700ED9291 /* EmployeesView.swift */; };
		EEA3BC79246B3C5400ED9291 /* EmployeesViewModel.swift in Sources */ = {isa = PBXBuildFile; fileRef = EEA3BC78246B3C5400ED9291 /* EmployeesViewModel.swift */; };
		EEA3BC7D246B3D4500ED9291 /* Employee.swift in Sources */ = {isa = PBXBuildFile; fileRef = EEA3BC7C246B3D4500ED9291 /* Employee.swift */; };
		EEA3BC80246B3E6300ED9291 /* EmployeeViewModel.swift in Sources */ = {isa = PBXBuildFile; fileRef = EEA3BC7F246B3E6300ED9291 /* EmployeeViewModel.swift */; };
		EEA3BC83246B3F1800ED9291 /* SwiftyJSON in Frameworks */ = {isa = PBXBuildFile; productRef = EEA3BC82246B3F1800ED9291 /* SwiftyJSON */; };
		EEA3BC86246B409700ED9291 /* PhoneNumberKit in Frameworks */ = {isa = PBXBuildFile; productRef = EEA3BC85246B409700ED9291 /* PhoneNumberKit */; };
		EEA3BC89246B40F900ED9291 /* Alamofire in Frameworks */ = {isa = PBXBuildFile; productRef = EEA3BC88246B40F900ED9291 /* Alamofire */; };
		EEA3BC8C246B429E00ED9291 /* AlertData.swift in Sources */ = {isa = PBXBuildFile; fileRef = EEA3BC8B246B429E00ED9291 /* AlertData.swift */; };
		EEA3BC8F246B42F500ED9291 /* EmployeesRepositoryProvider.swift in Sources */ = {isa = PBXBuildFile; fileRef = EEA3BC8E246B42F500ED9291 /* EmployeesRepositoryProvider.swift */; };
		EEA3BC92246B436300ED9291 /* Environment.swift in Sources */ = {isa = PBXBuildFile; fileRef = EEA3BC91246B436300ED9291 /* Environment.swift */; };
		EEA3BC94246B43D900ED9291 /* Endpoint.swift in Sources */ = {isa = PBXBuildFile; fileRef = EEA3BC93246B43D900ED9291 /* Endpoint.swift */; };
		EEA3BC98246B452900ED9291 /* EmployeesEndpoint.swift in Sources */ = {isa = PBXBuildFile; fileRef = EEA3BC97246B452900ED9291 /* EmployeesEndpoint.swift */; };
		EEA3BC9A246B455E00ED9291 /* EmployeesMemoryRepository.swift in Sources */ = {isa = PBXBuildFile; fileRef = EEA3BC99246B455E00ED9291 /* EmployeesMemoryRepository.swift */; };
		EEA3BC9C246B457B00ED9291 /* EmployeesWebRepository.swift in Sources */ = {isa = PBXBuildFile; fileRef = EEA3BC9B246B457B00ED9291 /* EmployeesWebRepository.swift */; };
		EEA3BC9E246B465F00ED9291 /* WebRepositoryError.swift in Sources */ = {isa = PBXBuildFile; fileRef = EEA3BC9D246B465F00ED9291 /* WebRepositoryError.swift */; };
		EEA3BCA0246B46C100ED9291 /* ErrorExtensions.swift in Sources */ = {isa = PBXBuildFile; fileRef = EEA3BC9F246B46C100ED9291 /* ErrorExtensions.swift */; };
		EEA3BCA2246B46E900ED9291 /* EmployeeEncodableModel.swift in Sources */ = {isa = PBXBuildFile; fileRef = EEA3BCA1246B46E900ED9291 /* EmployeeEncodableModel.swift */; };
		EEA3BCA5246B480100ED9291 /* EncodableExtensions.swift in Sources */ = {isa = PBXBuildFile; fileRef = EEA3BCA4246B480100ED9291 /* EncodableExtensions.swift */; };
		EEA3BCA8246B488200ED9291 /* PhoneNumberKitProtocol.swift in Sources */ = {isa = PBXBuildFile; fileRef = EEA3BCA7246B488200ED9291 /* PhoneNumberKitProtocol.swift */; };
		EEA3BCAA246B48F000ED9291 /* UserDefaultsConfig.swift in Sources */ = {isa = PBXBuildFile; fileRef = EEA3BCA9246B48F000ED9291 /* UserDefaultsConfig.swift */; };
		EEA3BCB0246B4B4F00ED9291 /* EmptyDataView.swift in Sources */ = {isa = PBXBuildFile; fileRef = EEA3BCAF246B4B4F00ED9291 /* EmptyDataView.swift */; };
		EEA3BCB2246B4BD300ED9291 /* Constants.swift in Sources */ = {isa = PBXBuildFile; fileRef = EEA3BCB1246B4BD300ED9291 /* Constants.swift */; };
		EEA3BCB4246B4C4B00ED9291 /* EmptyDataViewModifier.swift in Sources */ = {isa = PBXBuildFile; fileRef = EEA3BCB3246B4C4B00ED9291 /* EmptyDataViewModifier.swift */; };
		EEA3BCB6246B4CB000ED9291 /* EmployeesSectionHeader.swift in Sources */ = {isa = PBXBuildFile; fileRef = EEA3BCB5246B4CB000ED9291 /* EmployeesSectionHeader.swift */; };
		EEA3BCB8246B4CF400ED9291 /* EmployeesListRow.swift in Sources */ = {isa = PBXBuildFile; fileRef = EEA3BCB7246B4CF400ED9291 /* EmployeesListRow.swift */; };
		EEA3BCBB246B4D9400ED9291 /* KingfisherSwiftUI in Frameworks */ = {isa = PBXBuildFile; productRef = EEA3BCBA246B4D9400ED9291 /* KingfisherSwiftUI */; };
		EEA3BCBE246BEEA200ED9291 /* Introspect in Frameworks */ = {isa = PBXBuildFile; productRef = EEA3BCBD246BEEA200ED9291 /* Introspect */; };
		EEA3BCC0246BEEF300ED9291 /* PullToRefreshRepresentation.swift in Sources */ = {isa = PBXBuildFile; fileRef = EEA3BCBF246BEEF300ED9291 /* PullToRefreshRepresentation.swift */; };
		EEA3BCC3246BF88A00ED9291 /* AddEmployeeViewModel.swift in Sources */ = {isa = PBXBuildFile; fileRef = EEA3BCC2246BF88A00ED9291 /* AddEmployeeViewModel.swift */; };
		EEA3BCC5246BF96200ED9291 /* Validator.swift in Sources */ = {isa = PBXBuildFile; fileRef = EEA3BCC4246BF96200ED9291 /* Validator.swift */; };
		EEA3BCC8246BF9A500ED9291 /* EmployeeError.swift in Sources */ = {isa = PBXBuildFile; fileRef = EEA3BCC7246BF9A500ED9291 /* EmployeeError.swift */; };
/* End PBXBuildFile section */

/* Begin PBXContainerItemProxy section */
		EEA3BC66246B3AF000ED9291 /* PBXContainerItemProxy */ = {
			isa = PBXContainerItemProxy;
			containerPortal = EEA3BC47246B3AEF00ED9291 /* Project object */;
			proxyType = 1;
			remoteGlobalIDString = EEA3BC4E246B3AEF00ED9291;
			remoteInfo = RWReview;
		};
/* End PBXContainerItemProxy section */

/* Begin PBXFileReference section */
		EEA3BC4F246B3AEF00ED9291 /* RWReview.app */ = {isa = PBXFileReference; explicitFileType = wrapper.application; includeInIndex = 0; path = RWReview.app; sourceTree = BUILT_PRODUCTS_DIR; };
		EEA3BC52246B3AEF00ED9291 /* AppDelegate.swift */ = {isa = PBXFileReference; lastKnownFileType = sourcecode.swift; path = AppDelegate.swift; sourceTree = "<group>"; };
		EEA3BC54246B3AEF00ED9291 /* SceneDelegate.swift */ = {isa = PBXFileReference; lastKnownFileType = sourcecode.swift; path = SceneDelegate.swift; sourceTree = "<group>"; };
		EEA3BC56246B3AEF00ED9291 /* ContentView.swift */ = {isa = PBXFileReference; lastKnownFileType = sourcecode.swift; path = ContentView.swift; sourceTree = "<group>"; };
		EEA3BC58246B3AEF00ED9291 /* Assets.xcassets */ = {isa = PBXFileReference; lastKnownFileType = folder.assetcatalog; path = Assets.xcassets; sourceTree = "<group>"; };
		EEA3BC5B246B3AEF00ED9291 /* Preview Assets.xcassets */ = {isa = PBXFileReference; lastKnownFileType = folder.assetcatalog; path = "Preview Assets.xcassets"; sourceTree = "<group>"; };
		EEA3BC5E246B3AEF00ED9291 /* Base */ = {isa = PBXFileReference; lastKnownFileType = file.storyboard; name = Base; path = Base.lproj/LaunchScreen.storyboard; sourceTree = "<group>"; };
		EEA3BC60246B3AEF00ED9291 /* Info.plist */ = {isa = PBXFileReference; lastKnownFileType = text.plist.xml; path = Info.plist; sourceTree = "<group>"; };
		EEA3BC65246B3AF000ED9291 /* RWReviewTests.xctest */ = {isa = PBXFileReference; explicitFileType = wrapper.cfbundle; includeInIndex = 0; path = RWReviewTests.xctest; sourceTree = BUILT_PRODUCTS_DIR; };
		EEA3BC69246B3AF000ED9291 /* RWReviewTests.swift */ = {isa = PBXFileReference; lastKnownFileType = sourcecode.swift; path = RWReviewTests.swift; sourceTree = "<group>"; };
		EEA3BC6B246B3AF000ED9291 /* Info.plist */ = {isa = PBXFileReference; lastKnownFileType = text.plist.xml; path = Info.plist; sourceTree = "<group>"; };
		EEA3BC76246B3B8700ED9291 /* EmployeesView.swift */ = {isa = PBXFileReference; lastKnownFileType = sourcecode.swift; path = EmployeesView.swift; sourceTree = "<group>"; };
		EEA3BC78246B3C5400ED9291 /* EmployeesViewModel.swift */ = {isa = PBXFileReference; lastKnownFileType = sourcecode.swift; path = EmployeesViewModel.swift; sourceTree = "<group>"; };
		EEA3BC7C246B3D4500ED9291 /* Employee.swift */ = {isa = PBXFileReference; lastKnownFileType = sourcecode.swift; path = Employee.swift; sourceTree = "<group>"; };
		EEA3BC7F246B3E6300ED9291 /* EmployeeViewModel.swift */ = {isa = PBXFileReference; lastKnownFileType = sourcecode.swift; path = EmployeeViewModel.swift; sourceTree = "<group>"; };
		EEA3BC8B246B429E00ED9291 /* AlertData.swift */ = {isa = PBXFileReference; lastKnownFileType = sourcecode.swift; path = AlertData.swift; sourceTree = "<group>"; };
		EEA3BC8E246B42F500ED9291 /* EmployeesRepositoryProvider.swift */ = {isa = PBXFileReference; lastKnownFileType = sourcecode.swift; path = EmployeesRepositoryProvider.swift; sourceTree = "<group>"; };
		EEA3BC91246B436300ED9291 /* Environment.swift */ = {isa = PBXFileReference; lastKnownFileType = sourcecode.swift; path = Environment.swift; sourceTree = "<group>"; };
		EEA3BC93246B43D900ED9291 /* Endpoint.swift */ = {isa = PBXFileReference; lastKnownFileType = sourcecode.swift; path = Endpoint.swift; sourceTree = "<group>"; };
		EEA3BC97246B452900ED9291 /* EmployeesEndpoint.swift */ = {isa = PBXFileReference; lastKnownFileType = sourcecode.swift; path = EmployeesEndpoint.swift; sourceTree = "<group>"; };
		EEA3BC99246B455E00ED9291 /* EmployeesMemoryRepository.swift */ = {isa = PBXFileReference; lastKnownFileType = sourcecode.swift; path = EmployeesMemoryRepository.swift; sourceTree = "<group>"; };
		EEA3BC9B246B457B00ED9291 /* EmployeesWebRepository.swift */ = {isa = PBXFileReference; lastKnownFileType = sourcecode.swift; path = EmployeesWebRepository.swift; sourceTree = "<group>"; };
		EEA3BC9D246B465F00ED9291 /* WebRepositoryError.swift */ = {isa = PBXFileReference; lastKnownFileType = sourcecode.swift; path = WebRepositoryError.swift; sourceTree = "<group>"; };
		EEA3BC9F246B46C100ED9291 /* ErrorExtensions.swift */ = {isa = PBXFileReference; lastKnownFileType = sourcecode.swift; path = ErrorExtensions.swift; sourceTree = "<group>"; };
		EEA3BCA1246B46E900ED9291 /* EmployeeEncodableModel.swift */ = {isa = PBXFileReference; lastKnownFileType = sourcecode.swift; path = EmployeeEncodableModel.swift; sourceTree = "<group>"; };
		EEA3BCA4246B480100ED9291 /* EncodableExtensions.swift */ = {isa = PBXFileReference; lastKnownFileType = sourcecode.swift; path = EncodableExtensions.swift; sourceTree = "<group>"; };
		EEA3BCA7246B488200ED9291 /* PhoneNumberKitProtocol.swift */ = {isa = PBXFileReference; lastKnownFileType = sourcecode.swift; path = PhoneNumberKitProtocol.swift; sourceTree = "<group>"; };
		EEA3BCA9246B48F000ED9291 /* UserDefaultsConfig.swift */ = {isa = PBXFileReference; lastKnownFileType = sourcecode.swift; path = UserDefaultsConfig.swift; sourceTree = "<group>"; };
		EEA3BCAF246B4B4F00ED9291 /* EmptyDataView.swift */ = {isa = PBXFileReference; lastKnownFileType = sourcecode.swift; path = EmptyDataView.swift; sourceTree = "<group>"; };
		EEA3BCB1246B4BD300ED9291 /* Constants.swift */ = {isa = PBXFileReference; lastKnownFileType = sourcecode.swift; path = Constants.swift; sourceTree = "<group>"; };
		EEA3BCB3246B4C4B00ED9291 /* EmptyDataViewModifier.swift */ = {isa = PBXFileReference; lastKnownFileType = sourcecode.swift; path = EmptyDataViewModifier.swift; sourceTree = "<group>"; };
		EEA3BCB5246B4CB000ED9291 /* EmployeesSectionHeader.swift */ = {isa = PBXFileReference; lastKnownFileType = sourcecode.swift; path = EmployeesSectionHeader.swift; sourceTree = "<group>"; };
		EEA3BCB7246B4CF400ED9291 /* EmployeesListRow.swift */ = {isa = PBXFileReference; lastKnownFileType = sourcecode.swift; path = EmployeesListRow.swift; sourceTree = "<group>"; };
		EEA3BCBF246BEEF300ED9291 /* PullToRefreshRepresentation.swift */ = {isa = PBXFileReference; lastKnownFileType = sourcecode.swift; path = PullToRefreshRepresentation.swift; sourceTree = "<group>"; };
		EEA3BCC2246BF88A00ED9291 /* AddEmployeeViewModel.swift */ = {isa = PBXFileReference; lastKnownFileType = sourcecode.swift; path = AddEmployeeViewModel.swift; sourceTree = "<group>"; };
		EEA3BCC4246BF96200ED9291 /* Validator.swift */ = {isa = PBXFileReference; lastKnownFileType = sourcecode.swift; path = Validator.swift; sourceTree = "<group>"; };
		EEA3BCC7246BF9A500ED9291 /* EmployeeError.swift */ = {isa = PBXFileReference; lastKnownFileType = sourcecode.swift; path = EmployeeError.swift; sourceTree = "<group>"; };
/* End PBXFileReference section */

/* Begin PBXFrameworksBuildPhase section */
		EEA3BC4C246B3AEF00ED9291 /* Frameworks */ = {
			isa = PBXFrameworksBuildPhase;
			buildActionMask = 2147483647;
			files = (
				EEA3BC89246B40F900ED9291 /* Alamofire in Frameworks */,
				EEA3BC83246B3F1800ED9291 /* SwiftyJSON in Frameworks */,
				EEA3BCBE246BEEA200ED9291 /* Introspect in Frameworks */,
				EEA3BCBB246B4D9400ED9291 /* KingfisherSwiftUI in Frameworks */,
				EEA3BC86246B409700ED9291 /* PhoneNumberKit in Frameworks */,
			);
			runOnlyForDeploymentPostprocessing = 0;
		};
		EEA3BC62246B3AF000ED9291 /* Frameworks */ = {
			isa = PBXFrameworksBuildPhase;
			buildActionMask = 2147483647;
			files = (
			);
			runOnlyForDeploymentPostprocessing = 0;
		};
/* End PBXFrameworksBuildPhase section */

/* Begin PBXGroup section */
		EEA3BC46246B3AEF00ED9291 = {
			isa = PBXGroup;
			children = (
				EEA3BC51246B3AEF00ED9291 /* RWReview */,
				EEA3BC68246B3AF000ED9291 /* RWReviewTests */,
				EEA3BC50246B3AEF00ED9291 /* Products */,
			);
			sourceTree = "<group>";
		};
		EEA3BC50246B3AEF00ED9291 /* Products */ = {
			isa = PBXGroup;
			children = (
				EEA3BC4F246B3AEF00ED9291 /* RWReview.app */,
				EEA3BC65246B3AF000ED9291 /* RWReviewTests.xctest */,
			);
			name = Products;
			sourceTree = "<group>";
		};
		EEA3BC51246B3AEF00ED9291 /* RWReview */ = {
			isa = PBXGroup;
			children = (
				EEA3BCAD246B4B0200ED9291 /* Views */,
				EEA3BC95246B448E00ED9291 /* Repositories */,
				EEA3BC90246B434E00ED9291 /* Environment */,
				EEA3BC8D246B42D400ED9291 /* RepositoryProviders */,
				EEA3BC8A246B428400ED9291 /* Utility */,
				EEA3BC7A246B3D2700ED9291 /* Models */,
				EEA3BC74246B3B6B00ED9291 /* Scenes */,
				EEA3BC52246B3AEF00ED9291 /* AppDelegate.swift */,
				EEA3BC54246B3AEF00ED9291 /* SceneDelegate.swift */,
				EEA3BC56246B3AEF00ED9291 /* ContentView.swift */,
				EEA3BC58246B3AEF00ED9291 /* Assets.xcassets */,
				EEA3BC5D246B3AEF00ED9291 /* LaunchScreen.storyboard */,
				EEA3BC60246B3AEF00ED9291 /* Info.plist */,
				EEA3BC5A246B3AEF00ED9291 /* Preview Content */,
			);
			path = RWReview;
			sourceTree = "<group>";
		};
		EEA3BC5A246B3AEF00ED9291 /* Preview Content */ = {
			isa = PBXGroup;
			children = (
				EEA3BC5B246B3AEF00ED9291 /* Preview Assets.xcassets */,
			);
			path = "Preview Content";
			sourceTree = "<group>";
		};
		EEA3BC68246B3AF000ED9291 /* RWReviewTests */ = {
			isa = PBXGroup;
			children = (
				EEA3BC69246B3AF000ED9291 /* RWReviewTests.swift */,
				EEA3BC6B246B3AF000ED9291 /* Info.plist */,
			);
			path = RWReviewTests;
			sourceTree = "<group>";
		};
		EEA3BC74246B3B6B00ED9291 /* Scenes */ = {
			isa = PBXGroup;
			children = (
				EEA3BCC1246BF87100ED9291 /* AddEmployee */,
				EEA3BC75246B3B7600ED9291 /* Employees */,
			);
			path = Scenes;
			sourceTree = "<group>";
		};
		EEA3BC75246B3B7600ED9291 /* Employees */ = {
			isa = PBXGroup;
			children = (
				EEA3BC76246B3B8700ED9291 /* EmployeesView.swift */,
				EEA3BC78246B3C5400ED9291 /* EmployeesViewModel.swift */,
				EEA3BCB5246B4CB000ED9291 /* EmployeesSectionHeader.swift */,
				EEA3BCB7246B4CF400ED9291 /* EmployeesListRow.swift */,
			);
			path = Employees;
			sourceTree = "<group>";
		};
		EEA3BC7A246B3D2700ED9291 /* Models */ = {
			isa = PBXGroup;
			children = (
				EEA3BC7B246B3D3100ED9291 /* Employee */,
			);
			path = Models;
			sourceTree = "<group>";
		};
		EEA3BC7B246B3D3100ED9291 /* Employee */ = {
			isa = PBXGroup;
			children = (
				EEA3BC7C246B3D4500ED9291 /* Employee.swift */,
				EEA3BC7F246B3E6300ED9291 /* EmployeeViewModel.swift */,
				EEA3BCA1246B46E900ED9291 /* EmployeeEncodableModel.swift */,
			);
			path = Employee;
			sourceTree = "<group>";
		};
		EEA3BC8A246B428400ED9291 /* Utility */ = {
			isa = PBXGroup;
			children = (
				EEA3BCC6246BF98F00ED9291 /* ErrorTypes */,
				EEA3BCA6246B486400ED9291 /* PhoneNumberKit */,
				EEA3BCA3246B47E800ED9291 /* Extensions */,
				EEA3BC8B246B429E00ED9291 /* AlertData.swift */,
				EEA3BCA9246B48F000ED9291 /* UserDefaultsConfig.swift */,
				EEA3BCB1246B4BD300ED9291 /* Constants.swift */,
				EEA3BCC4246BF96200ED9291 /* Validator.swift */,
			);
			path = Utility;
			sourceTree = "<group>";
		};
		EEA3BC8D246B42D400ED9291 /* RepositoryProviders */ = {
			isa = PBXGroup;
			children = (
				EEA3BC8E246B42F500ED9291 /* EmployeesRepositoryProvider.swift */,
			);
			path = RepositoryProviders;
			sourceTree = "<group>";
		};
		EEA3BC90246B434E00ED9291 /* Environment */ = {
			isa = PBXGroup;
			children = (
				EEA3BC91246B436300ED9291 /* Environment.swift */,
				EEA3BC93246B43D900ED9291 /* Endpoint.swift */,
			);
			path = Environment;
			sourceTree = "<group>";
		};
		EEA3BC95246B448E00ED9291 /* Repositories */ = {
			isa = PBXGroup;
			children = (
				EEA3BC96246B449D00ED9291 /* EmployeesRepository */,
			);
			path = Repositories;
			sourceTree = "<group>";
		};
		EEA3BC96246B449D00ED9291 /* EmployeesRepository */ = {
			isa = PBXGroup;
			children = (
				EEA3BC97246B452900ED9291 /* EmployeesEndpoint.swift */,
				EEA3BC99246B455E00ED9291 /* EmployeesMemoryRepository.swift */,
				EEA3BC9B246B457B00ED9291 /* EmployeesWebRepository.swift */,
			);
			path = EmployeesRepository;
			sourceTree = "<group>";
		};
		EEA3BCA3246B47E800ED9291 /* Extensions */ = {
			isa = PBXGroup;
			children = (
				EEA3BC9F246B46C100ED9291 /* ErrorExtensions.swift */,
				EEA3BCA4246B480100ED9291 /* EncodableExtensions.swift */,
			);
			path = Extensions;
			sourceTree = "<group>";
		};
		EEA3BCA6246B486400ED9291 /* PhoneNumberKit */ = {
			isa = PBXGroup;
			children = (
				EEA3BCA7246B488200ED9291 /* PhoneNumberKitProtocol.swift */,
			);
			path = PhoneNumberKit;
			sourceTree = "<group>";
		};
		EEA3BCAD246B4B0200ED9291 /* Views */ = {
			isa = PBXGroup;
			children = (
				EEA3BCAE246B4B3B00ED9291 /* EmptyDataView */,
				EEA3BCBF246BEEF300ED9291 /* PullToRefreshRepresentation.swift */,
			);
			path = Views;
			sourceTree = "<group>";
		};
		EEA3BCAE246B4B3B00ED9291 /* EmptyDataView */ = {
			isa = PBXGroup;
			children = (
				EEA3BCAF246B4B4F00ED9291 /* EmptyDataView.swift */,
				EEA3BCB3246B4C4B00ED9291 /* EmptyDataViewModifier.swift */,
			);
			path = EmptyDataView;
			sourceTree = "<group>";
		};
		EEA3BCC1246BF87100ED9291 /* AddEmployee */ = {
			isa = PBXGroup;
			children = (
				EEA3BCC2246BF88A00ED9291 /* AddEmployeeViewModel.swift */,
			);
			path = AddEmployee;
			sourceTree = "<group>";
		};
		EEA3BCC6246BF98F00ED9291 /* ErrorTypes */ = {
			isa = PBXGroup;
			children = (
				EEA3BC9D246B465F00ED9291 /* WebRepositoryError.swift */,
				EEA3BCC7246BF9A500ED9291 /* EmployeeError.swift */,
			);
			path = ErrorTypes;
			sourceTree = "<group>";
		};
/* End PBXGroup section */

/* Begin PBXNativeTarget section */
		EEA3BC4E246B3AEF00ED9291 /* RWReview */ = {
			isa = PBXNativeTarget;
			buildConfigurationList = EEA3BC6E246B3AF000ED9291 /* Build configuration list for PBXNativeTarget "RWReview" */;
			buildPhases = (
				EEA3BC4B246B3AEF00ED9291 /* Sources */,
				EEA3BC4C246B3AEF00ED9291 /* Frameworks */,
				EEA3BC4D246B3AEF00ED9291 /* Resources */,
			);
			buildRules = (
			);
			dependencies = (
			);
			name = RWReview;
			packageProductDependencies = (
				EEA3BC82246B3F1800ED9291 /* SwiftyJSON */,
				EEA3BC85246B409700ED9291 /* PhoneNumberKit */,
				EEA3BC88246B40F900ED9291 /* Alamofire */,
				EEA3BCBA246B4D9400ED9291 /* KingfisherSwiftUI */,
				EEA3BCBD246BEEA200ED9291 /* Introspect */,
			);
			productName = RWReview;
			productReference = EEA3BC4F246B3AEF00ED9291 /* RWReview.app */;
			productType = "com.apple.product-type.application";
		};
		EEA3BC64246B3AF000ED9291 /* RWReviewTests */ = {
			isa = PBXNativeTarget;
			buildConfigurationList = EEA3BC71246B3AF000ED9291 /* Build configuration list for PBXNativeTarget "RWReviewTests" */;
			buildPhases = (
				EEA3BC61246B3AF000ED9291 /* Sources */,
				EEA3BC62246B3AF000ED9291 /* Frameworks */,
				EEA3BC63246B3AF000ED9291 /* Resources */,
			);
			buildRules = (
			);
			dependencies = (
				EEA3BC67246B3AF000ED9291 /* PBXTargetDependency */,
			);
			name = RWReviewTests;
			productName = RWReviewTests;
			productReference = EEA3BC65246B3AF000ED9291 /* RWReviewTests.xctest */;
			productType = "com.apple.product-type.bundle.unit-test";
		};
/* End PBXNativeTarget section */

/* Begin PBXProject section */
		EEA3BC47246B3AEF00ED9291 /* Project object */ = {
			isa = PBXProject;
			attributes = {
				LastSwiftUpdateCheck = 1130;
				LastUpgradeCheck = 1130;
				ORGANIZATIONNAME = "Svyat Zubyak";
				TargetAttributes = {
					EEA3BC4E246B3AEF00ED9291 = {
						CreatedOnToolsVersion = 11.3;
					};
					EEA3BC64246B3AF000ED9291 = {
						CreatedOnToolsVersion = 11.3;
						TestTargetID = EEA3BC4E246B3AEF00ED9291;
					};
				};
			};
			buildConfigurationList = EEA3BC4A246B3AEF00ED9291 /* Build configuration list for PBXProject "RWReview" */;
			compatibilityVersion = "Xcode 9.3";
			developmentRegion = en;
			hasScannedForEncodings = 0;
			knownRegions = (
				en,
				Base,
			);
			mainGroup = EEA3BC46246B3AEF00ED9291;
			packageReferences = (
				EEA3BC81246B3F1800ED9291 /* XCRemoteSwiftPackageReference "SwiftyJSON" */,
				EEA3BC84246B409700ED9291 /* XCRemoteSwiftPackageReference "PhoneNumberKit" */,
				EEA3BC87246B40F900ED9291 /* XCRemoteSwiftPackageReference "Alamofire" */,
				EEA3BCB9246B4D9400ED9291 /* XCRemoteSwiftPackageReference "Kingfisher" */,
				EEA3BCBC246BEEA200ED9291 /* XCRemoteSwiftPackageReference "SwiftUI-Introspect" */,
			);
			productRefGroup = EEA3BC50246B3AEF00ED9291 /* Products */;
			projectDirPath = "";
			projectRoot = "";
			targets = (
				EEA3BC4E246B3AEF00ED9291 /* RWReview */,
				EEA3BC64246B3AF000ED9291 /* RWReviewTests */,
			);
		};
/* End PBXProject section */

/* Begin PBXResourcesBuildPhase section */
		EEA3BC4D246B3AEF00ED9291 /* Resources */ = {
			isa = PBXResourcesBuildPhase;
			buildActionMask = 2147483647;
			files = (
				EEA3BC5F246B3AEF00ED9291 /* LaunchScreen.storyboard in Resources */,
				EEA3BC5C246B3AEF00ED9291 /* Preview Assets.xcassets in Resources */,
				EEA3BC59246B3AEF00ED9291 /* Assets.xcassets in Resources */,
			);
			runOnlyForDeploymentPostprocessing = 0;
		};
		EEA3BC63246B3AF000ED9291 /* Resources */ = {
			isa = PBXResourcesBuildPhase;
			buildActionMask = 2147483647;
			files = (
			);
			runOnlyForDeploymentPostprocessing = 0;
		};
/* End PBXResourcesBuildPhase section */

/* Begin PBXSourcesBuildPhase section */
		EEA3BC4B246B3AEF00ED9291 /* Sources */ = {
			isa = PBXSourcesBuildPhase;
			buildActionMask = 2147483647;
			files = (
				EEA3BC9E246B465F00ED9291 /* WebRepositoryError.swift in Sources */,
				EEA3BCB2246B4BD300ED9291 /* Constants.swift in Sources */,
				EEA3BCA5246B480100ED9291 /* EncodableExtensions.swift in Sources */,
				EEA3BCB4246B4C4B00ED9291 /* EmptyDataViewModifier.swift in Sources */,
				EEA3BCC5246BF96200ED9291 /* Validator.swift in Sources */,
				EEA3BC77246B3B8700ED9291 /* EmployeesView.swift in Sources */,
				EEA3BC9A246B455E00ED9291 /* EmployeesMemoryRepository.swift in Sources */,
				EEA3BCC8246BF9A500ED9291 /* EmployeeError.swift in Sources */,
				EEA3BC7D246B3D4500ED9291 /* Employee.swift in Sources */,
				EEA3BCB0246B4B4F00ED9291 /* EmptyDataView.swift in Sources */,
				EEA3BCB6246B4CB000ED9291 /* EmployeesSectionHeader.swift in Sources */,
				EEA3BC80246B3E6300ED9291 /* EmployeeViewModel.swift in Sources */,
				EEA3BC53246B3AEF00ED9291 /* AppDelegate.swift in Sources */,
				EEA3BC8C246B429E00ED9291 /* AlertData.swift in Sources */,
				EEA3BC55246B3AEF00ED9291 /* SceneDelegate.swift in Sources */,
				EEA3BC79246B3C5400ED9291 /* EmployeesViewModel.swift in Sources */,
				EEA3BCC0246BEEF300ED9291 /* PullToRefreshRepresentation.swift in Sources */,
				EEA3BC57246B3AEF00ED9291 /* ContentView.swift in Sources */,
				EEA3BCA0246B46C100ED9291 /* ErrorExtensions.swift in Sources */,
				EEA3BC8F246B42F500ED9291 /* EmployeesRepositoryProvider.swift in Sources */,
				EEA3BCA2246B46E900ED9291 /* EmployeeEncodableModel.swift in Sources */,
				EEA3BC9C246B457B00ED9291 /* EmployeesWebRepository.swift in Sources */,
				EEA3BCC3246BF88A00ED9291 /* AddEmployeeViewModel.swift in Sources */,
				EEA3BC94246B43D900ED9291 /* Endpoint.swift in Sources */,
				EEA3BCAA246B48F000ED9291 /* UserDefaultsConfig.swift in Sources */,
				EEA3BC98246B452900ED9291 /* EmployeesEndpoint.swift in Sources */,
				EEA3BCA8246B488200ED9291 /* PhoneNumberKitProtocol.swift in Sources */,
				EEA3BC92246B436300ED9291 /* Environment.swift in Sources */,
				EEA3BCB8246B4CF400ED9291 /* EmployeesListRow.swift in Sources */,
			);
			runOnlyForDeploymentPostprocessing = 0;
		};
		EEA3BC61246B3AF000ED9291 /* Sources */ = {
			isa = PBXSourcesBuildPhase;
			buildActionMask = 2147483647;
			files = (
				EEA3BC6A246B3AF000ED9291 /* RWReviewTests.swift in Sources */,
			);
			runOnlyForDeploymentPostprocessing = 0;
		};
/* End PBXSourcesBuildPhase section */

/* Begin PBXTargetDependency section */
		EEA3BC67246B3AF000ED9291 /* PBXTargetDependency */ = {
			isa = PBXTargetDependency;
			target = EEA3BC4E246B3AEF00ED9291 /* RWReview */;
			targetProxy = EEA3BC66246B3AF000ED9291 /* PBXContainerItemProxy */;
		};
/* End PBXTargetDependency section */

/* Begin PBXVariantGroup section */
		EEA3BC5D246B3AEF00ED9291 /* LaunchScreen.storyboard */ = {
			isa = PBXVariantGroup;
			children = (
				EEA3BC5E246B3AEF00ED9291 /* Base */,
			);
			name = LaunchScreen.storyboard;
			sourceTree = "<group>";
		};
/* End PBXVariantGroup section */

/* Begin XCBuildConfiguration section */
		EEA3BC6C246B3AF000ED9291 /* Debug */ = {
			isa = XCBuildConfiguration;
			buildSettings = {
				ALWAYS_SEARCH_USER_PATHS = NO;
				CLANG_ANALYZER_NONNULL = YES;
				CLANG_ANALYZER_NUMBER_OBJECT_CONVERSION = YES_AGGRESSIVE;
				CLANG_CXX_LANGUAGE_STANDARD = "gnu++14";
				CLANG_CXX_LIBRARY = "libc++";
				CLANG_ENABLE_MODULES = YES;
				CLANG_ENABLE_OBJC_ARC = YES;
				CLANG_ENABLE_OBJC_WEAK = YES;
				CLANG_WARN_BLOCK_CAPTURE_AUTORELEASING = YES;
				CLANG_WARN_BOOL_CONVERSION = YES;
				CLANG_WARN_COMMA = YES;
				CLANG_WARN_CONSTANT_CONVERSION = YES;
				CLANG_WARN_DEPRECATED_OBJC_IMPLEMENTATIONS = YES;
				CLANG_WARN_DIRECT_OBJC_ISA_USAGE = YES_ERROR;
				CLANG_WARN_DOCUMENTATION_COMMENTS = YES;
				CLANG_WARN_EMPTY_BODY = YES;
				CLANG_WARN_ENUM_CONVERSION = YES;
				CLANG_WARN_INFINITE_RECURSION = YES;
				CLANG_WARN_INT_CONVERSION = YES;
				CLANG_WARN_NON_LITERAL_NULL_CONVERSION = YES;
				CLANG_WARN_OBJC_IMPLICIT_RETAIN_SELF = YES;
				CLANG_WARN_OBJC_LITERAL_CONVERSION = YES;
				CLANG_WARN_OBJC_ROOT_CLASS = YES_ERROR;
				CLANG_WARN_RANGE_LOOP_ANALYSIS = YES;
				CLANG_WARN_STRICT_PROTOTYPES = YES;
				CLANG_WARN_SUSPICIOUS_MOVE = YES;
				CLANG_WARN_UNGUARDED_AVAILABILITY = YES_AGGRESSIVE;
				CLANG_WARN_UNREACHABLE_CODE = YES;
				CLANG_WARN__DUPLICATE_METHOD_MATCH = YES;
				COPY_PHASE_STRIP = NO;
				DEBUG_INFORMATION_FORMAT = dwarf;
				ENABLE_STRICT_OBJC_MSGSEND = YES;
				ENABLE_TESTABILITY = YES;
				GCC_C_LANGUAGE_STANDARD = gnu11;
				GCC_DYNAMIC_NO_PIC = NO;
				GCC_NO_COMMON_BLOCKS = YES;
				GCC_OPTIMIZATION_LEVEL = 0;
				GCC_PREPROCESSOR_DEFINITIONS = (
					"DEBUG=1",
					"$(inherited)",
				);
				GCC_WARN_64_TO_32_BIT_CONVERSION = YES;
				GCC_WARN_ABOUT_RETURN_TYPE = YES_ERROR;
				GCC_WARN_UNDECLARED_SELECTOR = YES;
				GCC_WARN_UNINITIALIZED_AUTOS = YES_AGGRESSIVE;
				GCC_WARN_UNUSED_FUNCTION = YES;
				GCC_WARN_UNUSED_VARIABLE = YES;
				IPHONEOS_DEPLOYMENT_TARGET = 13.2;
				MTL_ENABLE_DEBUG_INFO = INCLUDE_SOURCE;
				MTL_FAST_MATH = YES;
				ONLY_ACTIVE_ARCH = YES;
				SDKROOT = iphoneos;
				SWIFT_ACTIVE_COMPILATION_CONDITIONS = DEBUG;
				SWIFT_OPTIMIZATION_LEVEL = "-Onone";
			};
			name = Debug;
		};
		EEA3BC6D246B3AF000ED9291 /* Release */ = {
			isa = XCBuildConfiguration;
			buildSettings = {
				ALWAYS_SEARCH_USER_PATHS = NO;
				CLANG_ANALYZER_NONNULL = YES;
				CLANG_ANALYZER_NUMBER_OBJECT_CONVERSION = YES_AGGRESSIVE;
				CLANG_CXX_LANGUAGE_STANDARD = "gnu++14";
				CLANG_CXX_LIBRARY = "libc++";
				CLANG_ENABLE_MODULES = YES;
				CLANG_ENABLE_OBJC_ARC = YES;
				CLANG_ENABLE_OBJC_WEAK = YES;
				CLANG_WARN_BLOCK_CAPTURE_AUTORELEASING = YES;
				CLANG_WARN_BOOL_CONVERSION = YES;
				CLANG_WARN_COMMA = YES;
				CLANG_WARN_CONSTANT_CONVERSION = YES;
				CLANG_WARN_DEPRECATED_OBJC_IMPLEMENTATIONS = YES;
				CLANG_WARN_DIRECT_OBJC_ISA_USAGE = YES_ERROR;
				CLANG_WARN_DOCUMENTATION_COMMENTS = YES;
				CLANG_WARN_EMPTY_BODY = YES;
				CLANG_WARN_ENUM_CONVERSION = YES;
				CLANG_WARN_INFINITE_RECURSION = YES;
				CLANG_WARN_INT_CONVERSION = YES;
				CLANG_WARN_NON_LITERAL_NULL_CONVERSION = YES;
				CLANG_WARN_OBJC_IMPLICIT_RETAIN_SELF = YES;
				CLANG_WARN_OBJC_LITERAL_CONVERSION = YES;
				CLANG_WARN_OBJC_ROOT_CLASS = YES_ERROR;
				CLANG_WARN_RANGE_LOOP_ANALYSIS = YES;
				CLANG_WARN_STRICT_PROTOTYPES = YES;
				CLANG_WARN_SUSPICIOUS_MOVE = YES;
				CLANG_WARN_UNGUARDED_AVAILABILITY = YES_AGGRESSIVE;
				CLANG_WARN_UNREACHABLE_CODE = YES;
				CLANG_WARN__DUPLICATE_METHOD_MATCH = YES;
				COPY_PHASE_STRIP = NO;
				DEBUG_INFORMATION_FORMAT = "dwarf-with-dsym";
				ENABLE_NS_ASSERTIONS = NO;
				ENABLE_STRICT_OBJC_MSGSEND = YES;
				GCC_C_LANGUAGE_STANDARD = gnu11;
				GCC_NO_COMMON_BLOCKS = YES;
				GCC_WARN_64_TO_32_BIT_CONVERSION = YES;
				GCC_WARN_ABOUT_RETURN_TYPE = YES_ERROR;
				GCC_WARN_UNDECLARED_SELECTOR = YES;
				GCC_WARN_UNINITIALIZED_AUTOS = YES_AGGRESSIVE;
				GCC_WARN_UNUSED_FUNCTION = YES;
				GCC_WARN_UNUSED_VARIABLE = YES;
				IPHONEOS_DEPLOYMENT_TARGET = 13.2;
				MTL_ENABLE_DEBUG_INFO = NO;
				MTL_FAST_MATH = YES;
				SDKROOT = iphoneos;
				SWIFT_COMPILATION_MODE = wholemodule;
				SWIFT_OPTIMIZATION_LEVEL = "-O";
				VALIDATE_PRODUCT = YES;
			};
			name = Release;
		};
		EEA3BC6F246B3AF000ED9291 /* Debug */ = {
			isa = XCBuildConfiguration;
			buildSettings = {
				ASSETCATALOG_COMPILER_APPICON_NAME = AppIcon;
				CODE_SIGN_STYLE = Automatic;
				DEVELOPMENT_ASSET_PATHS = "\"RWReview/Preview Content\"";
				ENABLE_PREVIEWS = YES;
				INFOPLIST_FILE = RWReview/Info.plist;
				LD_RUNPATH_SEARCH_PATHS = (
					"$(inherited)",
					"@executable_path/Frameworks",
				);
				PRODUCT_BUNDLE_IDENTIFIER = sz.RWReview;
				PRODUCT_NAME = "$(TARGET_NAME)";
				SWIFT_VERSION = 5.0;
				TARGETED_DEVICE_FAMILY = "1,2";
			};
			name = Debug;
		};
		EEA3BC70246B3AF000ED9291 /* Release */ = {
			isa = XCBuildConfiguration;
			buildSettings = {
				ASSETCATALOG_COMPILER_APPICON_NAME = AppIcon;
				CODE_SIGN_STYLE = Automatic;
				DEVELOPMENT_ASSET_PATHS = "\"RWReview/Preview Content\"";
				ENABLE_PREVIEWS = YES;
				INFOPLIST_FILE = RWReview/Info.plist;
				LD_RUNPATH_SEARCH_PATHS = (
					"$(inherited)",
					"@executable_path/Frameworks",
				);
				PRODUCT_BUNDLE_IDENTIFIER = sz.RWReview;
				PRODUCT_NAME = "$(TARGET_NAME)";
				SWIFT_VERSION = 5.0;
				TARGETED_DEVICE_FAMILY = "1,2";
			};
			name = Release;
		};
		EEA3BC72246B3AF000ED9291 /* Debug */ = {
			isa = XCBuildConfiguration;
			buildSettings = {
				ALWAYS_EMBED_SWIFT_STANDARD_LIBRARIES = YES;
				BUNDLE_LOADER = "$(TEST_HOST)";
				CODE_SIGN_STYLE = Automatic;
				INFOPLIST_FILE = RWReviewTests/Info.plist;
				IPHONEOS_DEPLOYMENT_TARGET = 13.2;
				LD_RUNPATH_SEARCH_PATHS = (
					"$(inherited)",
					"@executable_path/Frameworks",
					"@loader_path/Frameworks",
				);
				PRODUCT_BUNDLE_IDENTIFIER = sz.RWReviewTests;
				PRODUCT_NAME = "$(TARGET_NAME)";
				SWIFT_VERSION = 5.0;
				TARGETED_DEVICE_FAMILY = "1,2";
				TEST_HOST = "$(BUILT_PRODUCTS_DIR)/RWReview.app/RWReview";
			};
			name = Debug;
		};
		EEA3BC73246B3AF000ED9291 /* Release */ = {
			isa = XCBuildConfiguration;
			buildSettings = {
				ALWAYS_EMBED_SWIFT_STANDARD_LIBRARIES = YES;
				BUNDLE_LOADER = "$(TEST_HOST)";
				CODE_SIGN_STYLE = Automatic;
				INFOPLIST_FILE = RWReviewTests/Info.plist;
				IPHONEOS_DEPLOYMENT_TARGET = 13.2;
				LD_RUNPATH_SEARCH_PATHS = (
					"$(inherited)",
					"@executable_path/Frameworks",
					"@loader_path/Frameworks",
				);
				PRODUCT_BUNDLE_IDENTIFIER = sz.RWReviewTests;
				PRODUCT_NAME = "$(TARGET_NAME)";
				SWIFT_VERSION = 5.0;
				TARGETED_DEVICE_FAMILY = "1,2";
				TEST_HOST = "$(BUILT_PRODUCTS_DIR)/RWReview.app/RWReview";
			};
			name = Release;
		};
/* End XCBuildConfiguration section */

/* Begin XCConfigurationList section */
		EEA3BC4A246B3AEF00ED9291 /* Build configuration list for PBXProject "RWReview" */ = {
			isa = XCConfigurationList;
			buildConfigurations = (
				EEA3BC6C246B3AF000ED9291 /* Debug */,
				EEA3BC6D246B3AF000ED9291 /* Release */,
			);
			defaultConfigurationIsVisible = 0;
			defaultConfigurationName = Release;
		};
		EEA3BC6E246B3AF000ED9291 /* Build configuration list for PBXNativeTarget "RWReview" */ = {
			isa = XCConfigurationList;
			buildConfigurations = (
				EEA3BC6F246B3AF000ED9291 /* Debug */,
				EEA3BC70246B3AF000ED9291 /* Release */,
			);
			defaultConfigurationIsVisible = 0;
			defaultConfigurationName = Release;
		};
		EEA3BC71246B3AF000ED9291 /* Build configuration list for PBXNativeTarget "RWReviewTests" */ = {
			isa = XCConfigurationList;
			buildConfigurations = (
				EEA3BC72246B3AF000ED9291 /* Debug */,
				EEA3BC73246B3AF000ED9291 /* Release */,
			);
			defaultConfigurationIsVisible = 0;
			defaultConfigurationName = Release;
		};
/* End XCConfigurationList section */

/* Begin XCRemoteSwiftPackageReference section */
		EEA3BC81246B3F1800ED9291 /* XCRemoteSwiftPackageReference "SwiftyJSON" */ = {
			isa = XCRemoteSwiftPackageReference;
			repositoryURL = "https://github.com/SwiftyJSON/SwiftyJSON.git";
			requirement = {
				kind = upToNextMajorVersion;
				minimumVersion = 5.0.0;
			};
		};
		EEA3BC84246B409700ED9291 /* XCRemoteSwiftPackageReference "PhoneNumberKit" */ = {
			isa = XCRemoteSwiftPackageReference;
			repositoryURL = "https://github.com/marmelroy/PhoneNumberKit.git";
			requirement = {
				kind = upToNextMajorVersion;
				minimumVersion = 3.2.0;
			};
		};
		EEA3BC87246B40F900ED9291 /* XCRemoteSwiftPackageReference "Alamofire" */ = {
			isa = XCRemoteSwiftPackageReference;
			repositoryURL = "https://github.com/Alamofire/Alamofire.git";
			requirement = {
				kind = upToNextMajorVersion;
				minimumVersion = 5.1.0;
			};
		};
		EEA3BCB9246B4D9400ED9291 /* XCRemoteSwiftPackageReference "Kingfisher" */ = {
			isa = XCRemoteSwiftPackageReference;
			repositoryURL = "https://github.com/onevcat/Kingfisher.git";
			requirement = {
				kind = upToNextMajorVersion;
				minimumVersion = 5.14.0;
			};
		};
		EEA3BCBC246BEEA200ED9291 /* XCRemoteSwiftPackageReference "SwiftUI-Introspect" */ = {
			isa = XCRemoteSwiftPackageReference;
			repositoryURL = "https://github.com/siteline/SwiftUI-Introspect.git";
			requirement = {
				kind = upToNextMajorVersion;
				minimumVersion = 0.1.0;
			};
		};
/* End XCRemoteSwiftPackageReference section */

/* Begin XCSwiftPackageProductDependency section */
		EEA3BC82246B3F1800ED9291 /* SwiftyJSON */ = {
			isa = XCSwiftPackageProductDependency;
			package = EEA3BC81246B3F1800ED9291 /* XCRemoteSwiftPackageReference "SwiftyJSON" */;
			productName = SwiftyJSON;
		};
		EEA3BC85246B409700ED9291 /* PhoneNumberKit */ = {
			isa = XCSwiftPackageProductDependency;
			package = EEA3BC84246B409700ED9291 /* XCRemoteSwiftPackageReference "PhoneNumberKit" */;
			productName = PhoneNumberKit;
		};
		EEA3BC88246B40F900ED9291 /* Alamofire */ = {
			isa = XCSwiftPackageProductDependency;
			package = EEA3BC87246B40F900ED9291 /* XCRemoteSwiftPackageReference "Alamofire" */;
			productName = Alamofire;
		};
		EEA3BCBA246B4D9400ED9291 /* KingfisherSwiftUI */ = {
			isa = XCSwiftPackageProductDependency;
			package = EEA3BCB9246B4D9400ED9291 /* XCRemoteSwiftPackageReference "Kingfisher" */;
			productName = KingfisherSwiftUI;
		};
		EEA3BCBD246BEEA200ED9291 /* Introspect */ = {
			isa = XCSwiftPackageProductDependency;
			package = EEA3BCBC246BEEA200ED9291 /* XCRemoteSwiftPackageReference "SwiftUI-Introspect" */;
			productName = Introspect;
		};
/* End XCSwiftPackageProductDependency section */
	};
	rootObject = EEA3BC47246B3AEF00ED9291 /* Project object */;
}
